
Microsoft Visual Studio Solution File, Format Version 12.00
# Visual Studio 15
VisualStudioVersion = 15.0.26228.9
MinimumVisualStudioVersion = 10.0.40219.1
Project("{FAE04EC0-301F-11D3-BF4B-00C04F79EFBC}") = "ZW.Admin", "zw.admin\ZW.Admin.csproj", "{4F173AEA-7DFE-4FC5-AB69-BBBF1AAA58A3}"
EndProject
Project("{FAE04EC0-301F-11D3-BF4B-00C04F79EFBC}") = "ZW.Util", "ZW.Util\ZW.Util.csproj", "{5BA25EE8-771C-4EB2-AB37-815F94CBAA53}"
EndProject
Project("{FAE04EC0-301F-11D3-BF4B-00C04F79EFBC}") = "ZW.Model", "ZW.Model\ZW.Model.csproj", "{F6D5AF60-2740-485A-B8E8-EBB267972640}"
EndProject
Project("{FAE04EC0-301F-11D3-BF4B-00C04F79EFBC}") = "ZW.DAL", "ZW.DAL\ZW.DAL.csproj", "{50F141CC-1836-4054-84D6-2407BA4E4EB6}"
EndProject
Project("{FAE04EC0-301F-11D3-BF4B-00C04F79EFBC}") = "ZW.BLL", "ZW.BLL\ZW.BLL.csproj", "{C82A269B-4F8C-4C02-A947-61297E694A73}"
EndProject
Global
	GlobalSection(SolutionConfigurationPlatforms) = preSolution
		Debug|Any CPU = Debug|Any CPU
		Release|Any CPU = Release|Any CPU
	EndGlobalSection
	GlobalSection(ProjectConfigurationPlatforms) = postSolution
		{4F173AEA-7DFE-4FC5-AB69-BBBF1AAA58A3}.Debug|Any CPU.ActiveCfg = Debug|Any CPU
		{4F173AEA-7DFE-4FC5-AB69-BBBF1AAA58A3}.Debug|Any CPU.Build.0 = Debug|Any CPU
		{4F173AEA-7DFE-4FC5-AB69-BBBF1AAA58A3}.Release|Any CPU.ActiveCfg = Release|Any CPU
		{4F173AEA-7DFE-4FC5-AB69-BBBF1AAA58A3}.Release|Any CPU.Build.0 = Release|Any CPU
		{5BA25EE8-771C-4EB2-AB37-815F94CBAA53}.Debug|Any CPU.ActiveCfg = Debug|Any CPU
		{5BA25EE8-771C-4EB2-AB37-815F94CBAA53}.Debug|Any CPU.Build.0 = Debug|Any CPU
		{5BA25EE8-771C-4EB2-AB37-815F94CBAA53}.Release|Any CPU.ActiveCfg = Release|Any CPU
		{5BA25EE8-771C-4EB2-AB37-815F94CBAA53}.Release|Any CPU.Build.0 = Release|Any CPU
		{F6D5AF60-2740-485A-B8E8-EBB267972640}.Debug|Any CPU.ActiveCfg = Debug|Any CPU
		{F6D5AF60-2740-485A-B8E8-EBB267972640}.Debug|Any CPU.Build.0 = Debug|Any CPU
		{F6D5AF60-2740-485A-B8E8-EBB267972640}.Release|Any CPU.ActiveCfg = Release|Any CPU
		{F6D5AF60-2740-485A-B8E8-EBB267972640}.Release|Any CPU.Build.0 = Release|Any CPU
		{50F141CC-1836-4054-84D6-2407BA4E4EB6}.Debug|Any CPU.ActiveCfg = Debug|Any CPU
		{50F141CC-1836-4054-84D6-2407BA4E4EB6}.Debug|Any CPU.Build.0 = Debug|Any CPU
		{50F141CC-1836-4054-84D6-2407BA4E4EB6}.Release|Any CPU.ActiveCfg = Release|Any CPU
		{50F141CC-1836-4054-84D6-2407BA4E4EB6}.Release|Any CPU.Build.0 = Release|Any CPU
		{C82A269B-4F8C-4C02-A947-61297E694A73}.Debug|Any CPU.ActiveCfg = Debug|Any CPU
		{C82A269B-4F8C-4C02-A947-61297E694A73}.Debug|Any CPU.Build.0 = Debug|Any CPU
		{C82A269B-4F8C-4C02-A947-61297E694A73}.Release|Any CPU.ActiveCfg = Release|Any CPU
		{C82A269B-4F8C-4C02-A947-61297E694A73}.Release|Any CPU.Build.0 = Release|Any CPU
	EndGlobalSection
	GlobalSection(SolutionProperties) = preSolution
		HideSolutionNode = FALSE
	EndGlobalSection
EndGlobal
